
Microsoft Visual Studio Solution File, Format Version 10.00
# Visual Studio 2008
Project("{FAE04EC0-301F-11D3-BF4B-00C04F79EFBC}") = "prey-lock-dotnet", "prey-lock-dotnet\prey-lock-dotnet.csproj", "{3EEF22E8-039D-413E-861E-001BB8C557F0}"
EndProject
Global
	GlobalSection(SolutionConfigurationPlatforms) = preSolution
		Debug|Any CPU = Debug|Any CPU
		Release|Any CPU = Release|Any CPU
	EndGlobalSection
	GlobalSection(ProjectConfigurationPlatforms) = postSolution
		{3EEF22E8-039D-413E-861E-001BB8C557F0}.Debug|Any CPU.ActiveCfg = Debug|Any CPU
		{3EEF22E8-039D-413E-861E-001BB8C557F0}.Debug|Any CPU.Build.0 = Debug|Any CPU
		{3EEF22E8-039D-413E-861E-001BB8C557F0}.Release|Any CPU.ActiveCfg = Release|Any CPU
		{3EEF22E8-039D-413E-861E-001BB8C557F0}.Release|Any CPU.Build.0 = Release|Any CPU
	EndGlobalSection
	GlobalSection(SolutionProperties) = preSolution
		HideSolutionNode = FALSE
	EndGlobalSection
EndGlobal
